{
  "projects": [
    {
      "projectId": "pgSfCFo9UF4777TfUQAq8w",
      "version": "latest",
      "dependencies": {},
      "lang": "js",
      "fileLocks": [
        {
          "type": "globalVariant",
          "assetId": "O_mKQvq_ZLNo",
          "checksum": "fb5f62b9eaa125856c9aa999e87e69f6"
        },
        {
          "assetId": "pgSfCFo9UF4777TfUQAq8w",
          "type": "projectCss",
          "checksum": "05246ce007515ce94bafa9821b22ecb0"
        },
        {
          "type": "renderModule",
          "assetId": "ATsYm0k3JcVt",
          "checksum": "dd8ae924b801cee91a0aafe1f1a53941"
        },
        {
          "type": "cssRules",
          "assetId": "ATsYm0k3JcVt",
          "checksum": "dd8ae924b801cee91a0aafe1f1a53941"
        },
        {
          "type": "renderModule",
          "assetId": "5_Y0di5blnq0",
          "checksum": "c54cd5ecaf4d595baa04930971beccb9"
        },
        {
          "type": "cssRules",
          "assetId": "5_Y0di5blnq0",
          "checksum": "c54cd5ecaf4d595baa04930971beccb9"
        },
        {
          "type": "renderModule",
          "assetId": "x1Cyf2ueyA9p",
          "checksum": "fa4f4891c0c259fa2f47e133d5da06ae"
        },
        {
          "type": "cssRules",
          "assetId": "x1Cyf2ueyA9p",
          "checksum": "fa4f4891c0c259fa2f47e133d5da06ae"
        },
        {
          "type": "renderModule",
          "assetId": "3lAn5o1Jo_ek",
          "checksum": "6bf644a46c79958dc7b706d8b685a0cf"
        },
        {
          "type": "cssRules",
          "assetId": "3lAn5o1Jo_ek",
          "checksum": "6bf644a46c79958dc7b706d8b685a0cf"
        },
        {
          "type": "renderModule",
          "assetId": "401Fmr7Nu67-",
          "checksum": "63d4690d1cbc436be96b766e38369961"
        },
        {
          "type": "cssRules",
          "assetId": "401Fmr7Nu67-",
          "checksum": "63d4690d1cbc436be96b766e38369961"
        },
        {
          "type": "renderModule",
          "assetId": "6pws9FrBaH0B",
          "checksum": "4220901ce82bd7861eedfe98d611bf66"
        },
        {
          "type": "cssRules",
          "assetId": "6pws9FrBaH0B",
          "checksum": "4220901ce82bd7861eedfe98d611bf66"
        },
        {
          "type": "renderModule",
          "assetId": "tcc08YmlCI4O",
          "checksum": "6bc7fdbd2082fa2cd05727d30d0d0ff8"
        },
        {
          "type": "cssRules",
          "assetId": "tcc08YmlCI4O",
          "checksum": "6bc7fdbd2082fa2cd05727d30d0d0ff8"
        },
        {
          "type": "renderModule",
          "assetId": "fhmxFVFG9WOd",
          "checksum": "e4c34ef5bf48dbbbb8b97ca41b61336c"
        },
        {
          "type": "cssRules",
          "assetId": "fhmxFVFG9WOd",
          "checksum": "e4c34ef5bf48dbbbb8b97ca41b61336c"
        },
        {
          "type": "renderModule",
          "assetId": "zUXStL3HRC0n",
          "checksum": "6074e1677dcecaae4d97cfcb7ebeca88"
        },
        {
          "type": "cssRules",
          "assetId": "zUXStL3HRC0n",
          "checksum": "6074e1677dcecaae4d97cfcb7ebeca88"
        },
        {
          "type": "renderModule",
          "assetId": "CIOMU0qtKeTz",
          "checksum": "60dfde94f387998e57d690229c5c7b95"
        },
        {
          "type": "cssRules",
          "assetId": "CIOMU0qtKeTz",
          "checksum": "60dfde94f387998e57d690229c5c7b95"
        },
        {
          "type": "renderModule",
          "assetId": "Y06WnZm__AX_",
          "checksum": "8790fc0e1d3bff71544db5a3eafea2bd"
        },
        {
          "type": "cssRules",
          "assetId": "Y06WnZm__AX_",
          "checksum": "8790fc0e1d3bff71544db5a3eafea2bd"
        },
        {
          "type": "renderModule",
          "assetId": "ORuN3NQ0-wQo",
          "checksum": "ae848f7ef2d459134fa6c828764ee746"
        },
        {
          "type": "cssRules",
          "assetId": "ORuN3NQ0-wQo",
          "checksum": "ae848f7ef2d459134fa6c828764ee746"
        },
        {
          "type": "renderModule",
          "assetId": "jH-XFI3TxSP7",
          "checksum": "eeae35d9e1933ad9ba57c2719e0c6812"
        },
        {
          "type": "cssRules",
          "assetId": "jH-XFI3TxSP7",
          "checksum": "eeae35d9e1933ad9ba57c2719e0c6812"
        },
        {
          "type": "renderModule",
          "assetId": "DMENlZyEeyAA",
          "checksum": "9497602d580ccfb5099d54c74542a324"
        },
        {
          "type": "cssRules",
          "assetId": "DMENlZyEeyAA",
          "checksum": "9497602d580ccfb5099d54c74542a324"
        },
        {
          "type": "renderModule",
          "assetId": "YU8Vlb5Q6Jlt",
          "checksum": "befeef78f0b38a3c2029f6d7cc14ef75"
        },
        {
          "type": "cssRules",
          "assetId": "YU8Vlb5Q6Jlt",
          "checksum": "befeef78f0b38a3c2029f6d7cc14ef75"
        },
        {
          "type": "renderModule",
          "assetId": "1gtgkV47sGsY",
          "checksum": "8868880b4e8389a121e50e4e752bcbef"
        },
        {
          "type": "cssRules",
          "assetId": "1gtgkV47sGsY",
          "checksum": "8868880b4e8389a121e50e4e752bcbef"
        },
        {
          "type": "renderModule",
          "assetId": "O2o41IPAOcPP",
          "checksum": "97d912a9ae7632fa2c622ac1f82c441d"
        },
        {
          "type": "cssRules",
          "assetId": "O2o41IPAOcPP",
          "checksum": "97d912a9ae7632fa2c622ac1f82c441d"
        },
        {
          "type": "renderModule",
          "assetId": "z-c-7BMo6bBI",
          "checksum": "d747324e6cc2b2e30b231bb9bd4dea8b"
        },
        {
          "type": "cssRules",
          "assetId": "z-c-7BMo6bBI",
          "checksum": "d747324e6cc2b2e30b231bb9bd4dea8b"
        },
        {
          "type": "renderModule",
          "assetId": "f09tyOZ4zvnw",
          "checksum": "06e919526295c63efa06c4329098cc3c"
        },
        {
          "type": "cssRules",
          "assetId": "f09tyOZ4zvnw",
          "checksum": "06e919526295c63efa06c4329098cc3c"
        },
        {
          "type": "renderModule",
          "assetId": "HRPieMAss-cJ",
          "checksum": "762fe7f4d46e5c5ed59cb2d4a14f70c6"
        },
        {
          "type": "cssRules",
          "assetId": "HRPieMAss-cJ",
          "checksum": "762fe7f4d46e5c5ed59cb2d4a14f70c6"
        },
        {
          "type": "renderModule",
          "assetId": "5zx6v9Q6yd6h",
          "checksum": "ba896cca0cc9d8ec71cc1f4fbd0b5280"
        },
        {
          "type": "cssRules",
          "assetId": "5zx6v9Q6yd6h",
          "checksum": "ba896cca0cc9d8ec71cc1f4fbd0b5280"
        },
        {
          "type": "renderModule",
          "assetId": "b6oFOBeOPQJ9",
          "checksum": "6a379b4ad03989f253e8977d8118da56"
        },
        {
          "type": "cssRules",
          "assetId": "b6oFOBeOPQJ9",
          "checksum": "6a379b4ad03989f253e8977d8118da56"
        },
        {
          "type": "renderModule",
          "assetId": "rT-mkRW9chFm",
          "checksum": "3aa546ce5cbf67f3803c3065541c0e79"
        },
        {
          "type": "cssRules",
          "assetId": "rT-mkRW9chFm",
          "checksum": "3aa546ce5cbf67f3803c3065541c0e79"
        },
        {
          "type": "renderModule",
          "assetId": "7M8pczqlI6FJ",
          "checksum": "261019e58eea3a87d1218e707d78ac2b"
        },
        {
          "type": "cssRules",
          "assetId": "7M8pczqlI6FJ",
          "checksum": "261019e58eea3a87d1218e707d78ac2b"
        },
        {
          "type": "renderModule",
          "assetId": "kPQlxzG25Uar",
          "checksum": "bd598b849be058ffda6df9bddcc2f2f7"
        },
        {
          "type": "cssRules",
          "assetId": "kPQlxzG25Uar",
          "checksum": "bd598b849be058ffda6df9bddcc2f2f7"
        },
        {
          "type": "renderModule",
          "assetId": "1g1hBhQX_CnB",
          "checksum": "967a79fc15f2508784cb2bd0d9ddc85a"
        },
        {
          "type": "cssRules",
          "assetId": "1g1hBhQX_CnB",
          "checksum": "967a79fc15f2508784cb2bd0d9ddc85a"
        },
        {
          "type": "icon",
          "assetId": "w2Wjx9oGvTHg",
          "checksum": "790a0ff4b9cf7b01a548466547ab9b2f"
        },
        {
          "type": "icon",
          "assetId": "KlHLt93Iyyg9",
          "checksum": "e2359865e306f4259ddc6e70a4d6707f"
        },
        {
          "type": "image",
          "assetId": "lNpiThjYziK-",
          "checksum": "de4a579f917f7e5c1fa8549194f78b5e"
        },
        {
          "type": "image",
          "assetId": "hIaVK62hQ1MX",
          "checksum": "ca8092a111012a07bbc02a1cacd93330"
        },
        {
          "type": "image",
          "assetId": "1YIuV5mTBaDl",
          "checksum": "2092fc9bbb702fdabb2a941dab8b42b5"
        },
        {
          "type": "image",
          "assetId": "VrlQw7M94KWK",
          "checksum": "3f7fc22b168fbd587f7ff9c658fdb115"
        },
        {
          "type": "image",
          "assetId": "0fFEt0uLTcpA",
          "checksum": "0bde5c745013d179c029322e87e51f91"
        },
        {
          "type": "image",
          "assetId": "Girq8mqfYrn6",
          "checksum": "17ae30a68146520a804421310223ad86"
        },
        {
          "type": "image",
          "assetId": "KbuqFt-Iug6B",
          "checksum": "509a3cacd53eb75e62898571caa10cf4"
        },
        {
          "type": "image",
          "assetId": "lMKrAF8dR8JX",
          "checksum": "0e48ca78b7e2a31ee63be96ee0256660"
        }
      ],
      "codegenVersion": "0.0.1"
    }
  ],
  "cliVersion": "0.1.330"
}
